// !$*UTF8*$!
{
	archiveVersion = 1;
	classes = {
	};
	objectVersion = 46;
	objects = {

/* Begin PBXBuildFile section */
		3A0309BA1F4FBF9E00465876 /* AddingMovieController.m in Sources */ = {isa = PBXBuildFile; fileRef = 3A0309651F4FBF9E00465876 /* AddingMovieController.m */; };
		3A0309BB1F4FBF9E00465876 /* AddingMovieController.xib in Resources */ = {isa = PBXBuildFile; fileRef = 3A0309661F4FBF9E00465876 /* AddingMovieController.xib */; };
		3A0309BC1F4FBF9E00465876 /* DownLoadedController.m in Sources */ = {isa = PBXBuildFile; fileRef = 3A03096C1F4FBF9E00465876 /* DownLoadedController.m */; };
		3A0309BD1F4FBF9E00465876 /* DownLoadedController.xib in Resources */ = {isa = PBXBuildFile; fileRef = 3A03096D1F4FBF9E00465876 /* DownLoadedController.xib */; };
		3A0309BE1F4FBF9E00465876 /* DownLoadingController.m in Sources */ = {isa = PBXBuildFile; fileRef = 3A0309731F4FBF9E00465876 /* DownLoadingController.m */; };
		3A0309BF1F4FBF9E00465876 /* DownLoadingController.xib in Resources */ = {isa = PBXBuildFile; fileRef = 3A0309741F4FBF9E00465876 /* DownLoadingController.xib */; };
		3A0309C01F4FBF9E00465876 /* MoviewCell.m in Sources */ = {isa = PBXBuildFile; fileRef = 3A0309781F4FBF9E00465876 /* MoviewCell.m */; };
		3A0309C11F4FBF9E00465876 /* MoviewCell.xib in Resources */ = {isa = PBXBuildFile; fileRef = 3A0309791F4FBF9E00465876 /* MoviewCell.xib */; };
		3A0309C21F4FBF9E00465876 /* Info.plist in Resources */ = {isa = PBXBuildFile; fileRef = 3A03097C1F4FBF9E00465876 /* Info.plist */; };
		3A0309C31F4FBF9E00465876 /* MASCompositeConstraint.m in Sources */ = {isa = PBXBuildFile; fileRef = 3A03097E1F4FBF9E00465876 /* MASCompositeConstraint.m */; };
		3A0309C41F4FBF9E00465876 /* MASConstraint.m in Sources */ = {isa = PBXBuildFile; fileRef = 3A0309811F4FBF9E00465876 /* MASConstraint.m */; };
		3A0309C51F4FBF9E00465876 /* MASConstraintMaker.m in Sources */ = {isa = PBXBuildFile; fileRef = 3A0309831F4FBF9E00465876 /* MASConstraintMaker.m */; };
		3A0309C61F4FBF9E00465876 /* MASLayoutConstraint.m in Sources */ = {isa = PBXBuildFile; fileRef = 3A0309851F4FBF9E00465876 /* MASLayoutConstraint.m */; };
		3A0309C71F4FBF9E00465876 /* MASViewAttribute.m in Sources */ = {isa = PBXBuildFile; fileRef = 3A0309891F4FBF9E00465876 /* MASViewAttribute.m */; };
		3A0309C81F4FBF9E00465876 /* MASViewConstraint.m in Sources */ = {isa = PBXBuildFile; fileRef = 3A03098B1F4FBF9E00465876 /* MASViewConstraint.m */; };
		3A0309C91F4FBF9E00465876 /* NSArray+MASAdditions.m in Sources */ = {isa = PBXBuildFile; fileRef = 3A03098D1F4FBF9E00465876 /* NSArray+MASAdditions.m */; };
		3A0309CA1F4FBF9E00465876 /* NSLayoutConstraint+MASDebugAdditions.m in Sources */ = {isa = PBXBuildFile; fileRef = 3A0309901F4FBF9E00465876 /* NSLayoutConstraint+MASDebugAdditions.m */; };
		3A0309CB1F4FBF9E00465876 /* View+MASAdditions.m in Sources */ = {isa = PBXBuildFile; fileRef = 3A0309921F4FBF9E00465876 /* View+MASAdditions.m */; };
		3A0309CC1F4FBF9E00465876 /* ViewController+MASAdditions.m in Sources */ = {isa = PBXBuildFile; fileRef = 3A0309951F4FBF9E00465876 /* ViewController+MASAdditions.m */; };
		3A0309CD1F4FBF9E00465876 /* SBControlView.m in Sources */ = {isa = PBXBuildFile; fileRef = 3A0309991F4FBF9E00465876 /* SBControlView.m */; };
		3A0309CE1F4FBF9E00465876 /* SBPauseOrPlayView.m in Sources */ = {isa = PBXBuildFile; fileRef = 3A03099B1F4FBF9E00465876 /* SBPauseOrPlayView.m */; };
		3A0309CF1F4FBF9E00465876 /* SBPlayer.m in Sources */ = {isa = PBXBuildFile; fileRef = 3A03099D1F4FBF9E00465876 /* SBPlayer.m */; };
		3A0309D01F4FBF9E00465876 /* full_screen.png in Resources */ = {isa = PBXBuildFile; fileRef = 3A03099F1F4FBF9E00465876 /* full_screen.png */; };
		3A0309D11F4FBF9E00465876 /* full_screen@2x.png in Resources */ = {isa = PBXBuildFile; fileRef = 3A0309A01F4FBF9E00465876 /* full_screen@2x.png */; };
		3A0309D21F4FBF9E00465876 /* knob.png in Resources */ = {isa = PBXBuildFile; fileRef = 3A0309A11F4FBF9E00465876 /* knob.png */; };
		3A0309D31F4FBF9E00465876 /* pause.png in Resources */ = {isa = PBXBuildFile; fileRef = 3A0309A21F4FBF9E00465876 /* pause.png */; };
		3A0309D41F4FBF9E00465876 /* pause@2x.png in Resources */ = {isa = PBXBuildFile; fileRef = 3A0309A31F4FBF9E00465876 /* pause@2x.png */; };
		3A0309D51F4FBF9E00465876 /* play.png in Resources */ = {isa = PBXBuildFile; fileRef = 3A0309A41F4FBF9E00465876 /* play.png */; };
		3A0309D61F4FBF9E00465876 /* play@2x.png in Resources */ = {isa = PBXBuildFile; fileRef = 3A0309A51F4FBF9E00465876 /* play@2x.png */; };
		3A0309D71F4FBF9E00465876 /* ZBNavgationController.m in Sources */ = {isa = PBXBuildFile; fileRef = 3A0309A91F4FBF9E00465876 /* ZBNavgationController.m */; };
		3A0309D81F4FBF9E00465876 /* ZBTabbarController.m in Sources */ = {isa = PBXBuildFile; fileRef = 3A0309AB1F4FBF9E00465876 /* ZBTabbarController.m */; };
		3A0309D91F4FBF9E00465876 /* AppDelegate.m in Sources */ = {isa = PBXBuildFile; fileRef = 3A0309B01F4FBF9E00465876 /* AppDelegate.m */; };
		3A0309DB1F4FBF9E00465876 /* main.m in Sources */ = {isa = PBXBuildFile; fileRef = 3A0309B21F4FBF9E00465876 /* main.m */; };
		3A0309DC1F4FBF9E00465876 /* PlayMoviewController.m in Sources */ = {isa = PBXBuildFile; fileRef = 3A0309B61F4FBF9E00465876 /* PlayMoviewController.m */; };
		3A0309DD1F4FBF9E00465876 /* PlayMoviewController.xib in Resources */ = {isa = PBXBuildFile; fileRef = 3A0309B71F4FBF9E00465876 /* PlayMoviewController.xib */; };
		3A0309DF1F4FC01300465876 /* Info.plist in Resources */ = {isa = PBXBuildFile; fileRef = 3A0309DE1F4FC01300465876 /* Info.plist */; };
		3A0309E21F50023C00465876 /* ZBTool.m in Sources */ = {isa = PBXBuildFile; fileRef = 3A0309E11F50023C00465876 /* ZBTool.m */; };
		3A2911A71F4C034C0092C693 /* ViewController.m in Sources */ = {isa = PBXBuildFile; fileRef = 3A2911A61F4C034C0092C693 /* ViewController.m */; };
		3A2911AA1F4C034C0092C693 /* Main.storyboard in Resources */ = {isa = PBXBuildFile; fileRef = 3A2911A81F4C034C0092C693 /* Main.storyboard */; };
		3A2911AC1F4C034C0092C693 /* Assets.xcassets in Resources */ = {isa = PBXBuildFile; fileRef = 3A2911AB1F4C034C0092C693 /* Assets.xcassets */; };
		3A2911AF1F4C034C0092C693 /* LaunchScreen.storyboard in Resources */ = {isa = PBXBuildFile; fileRef = 3A2911AD1F4C034C0092C693 /* LaunchScreen.storyboard */; };
		75B053160025B703CAC63791 /* libPods-ZBPlayer.a in Frameworks */ = {isa = PBXBuildFile; fileRef = E031A25A077886026B8CC01F /* libPods-ZBPlayer.a */; };
/* End PBXBuildFile section */

/* Begin PBXFileReference section */
		10A616E21C3D305A3C342298 /* Pods-ZBPlayer.release.xcconfig */ = {isa = PBXFileReference; includeInIndex = 1; lastKnownFileType = text.xcconfig; name = "Pods-ZBPlayer.release.xcconfig"; path = "Pods/Target Support Files/Pods-ZBPlayer/Pods-ZBPlayer.release.xcconfig"; sourceTree = "<group>"; };
		3A0309641F4FBF9E00465876 /* AddingMovieController.h */ = {isa = PBXFileReference; fileEncoding = 4; lastKnownFileType = sourcecode.c.h; path = AddingMovieController.h; sourceTree = "<group>"; };
		3A0309651F4FBF9E00465876 /* AddingMovieController.m */ = {isa = PBXFileReference; fileEncoding = 4; lastKnownFileType = sourcecode.c.objc; path = AddingMovieController.m; sourceTree = "<group>"; };
		3A0309661F4FBF9E00465876 /* AddingMovieController.xib */ = {isa = PBXFileReference; fileEncoding = 4; lastKnownFileType = file.xib; path = AddingMovieController.xib; sourceTree = "<group>"; };
		3A03096B1F4FBF9E00465876 /* DownLoadedController.h */ = {isa = PBXFileReference; fileEncoding = 4; lastKnownFileType = sourcecode.c.h; path = DownLoadedController.h; sourceTree = "<group>"; };
		3A03096C1F4FBF9E00465876 /* DownLoadedController.m */ = {isa = PBXFileReference; fileEncoding = 4; lastKnownFileType = sourcecode.c.objc; path = DownLoadedController.m; sourceTree = "<group>"; };
		3A03096D1F4FBF9E00465876 /* DownLoadedController.xib */ = {isa = PBXFileReference; fileEncoding = 4; lastKnownFileType = file.xib; path = DownLoadedController.xib; sourceTree = "<group>"; };
		3A0309721F4FBF9E00465876 /* DownLoadingController.h */ = {isa = PBXFileReference; fileEncoding = 4; lastKnownFileType = sourcecode.c.h; path = DownLoadingController.h; sourceTree = "<group>"; };
		3A0309731F4FBF9E00465876 /* DownLoadingController.m */ = {isa = PBXFileReference; fileEncoding = 4; lastKnownFileType = sourcecode.c.objc; path = DownLoadingController.m; sourceTree = "<group>"; };
		3A0309741F4FBF9E00465876 /* DownLoadingController.xib */ = {isa = PBXFileReference; fileEncoding = 4; lastKnownFileType = file.xib; path = DownLoadingController.xib; sourceTree = "<group>"; };
		3A0309771F4FBF9E00465876 /* MoviewCell.h */ = {isa = PBXFileReference; fileEncoding = 4; lastKnownFileType = sourcecode.c.h; path = MoviewCell.h; sourceTree = "<group>"; };
		3A0309781F4FBF9E00465876 /* MoviewCell.m */ = {isa = PBXFileReference; fileEncoding = 4; lastKnownFileType = sourcecode.c.objc; path = MoviewCell.m; sourceTree = "<group>"; };
		3A0309791F4FBF9E00465876 /* MoviewCell.xib */ = {isa = PBXFileReference; fileEncoding = 4; lastKnownFileType = file.xib; path = MoviewCell.xib; sourceTree = "<group>"; };
		3A03097C1F4FBF9E00465876 /* Info.plist */ = {isa = PBXFileReference; fileEncoding = 4; lastKnownFileType = text.plist.xml; path = Info.plist; sourceTree = "<group>"; };
		3A03097D1F4FBF9E00465876 /* MASCompositeConstraint.h */ = {isa = PBXFileReference; fileEncoding = 4; lastKnownFileType = sourcecode.c.h; path = MASCompositeConstraint.h; sourceTree = "<group>"; };
		3A03097E1F4FBF9E00465876 /* MASCompositeConstraint.m */ = {isa = PBXFileReference; fileEncoding = 4; lastKnownFileType = sourcecode.c.objc; path = MASCompositeConstraint.m; sourceTree = "<group>"; };
		3A03097F1F4FBF9E00465876 /* MASConstraint+Private.h */ = {isa = PBXFileReference; fileEncoding = 4; lastKnownFileType = sourcecode.c.h; path = "MASConstraint+Private.h"; sourceTree = "<group>"; };
		3A0309801F4FBF9E00465876 /* MASConstraint.h */ = {isa = PBXFileReference; fileEncoding = 4; lastKnownFileType = sourcecode.c.h; path = MASConstraint.h; sourceTree = "<group>"; };
		3A0309811F4FBF9E00465876 /* MASConstraint.m */ = {isa = PBXFileReference; fileEncoding = 4; lastKnownFileType = sourcecode.c.objc; path = MASConstraint.m; sourceTree = "<group>"; };
		3A0309821F4FBF9E00465876 /* MASConstraintMaker.h */ = {isa = PBXFileReference; fileEncoding = 4; lastKnownFileType = sourcecode.c.h; path = MASConstraintMaker.h; sourceTree = "<group>"; };
		3A0309831F4FBF9E00465876 /* MASConstraintMaker.m */ = {isa = PBXFileReference; fileEncoding = 4; lastKnownFileType = sourcecode.c.objc; path = MASConstraintMaker.m; sourceTree = "<group>"; };
		3A0309841F4FBF9E00465876 /* MASLayoutConstraint.h */ = {isa = PBXFileReference; fileEncoding = 4; lastKnownFileType = sourcecode.c.h; path = MASLayoutConstraint.h; sourceTree = "<group>"; };
		3A0309851F4FBF9E00465876 /* MASLayoutConstraint.m */ = {isa = PBXFileReference; fileEncoding = 4; lastKnownFileType = sourcecode.c.objc; path = MASLayoutConstraint.m; sourceTree = "<group>"; };
		3A0309861F4FBF9E00465876 /* Masonry.h */ = {isa = PBXFileReference; fileEncoding = 4; lastKnownFileType = sourcecode.c.h; path = Masonry.h; sourceTree = "<group>"; };
		3A0309871F4FBF9E00465876 /* MASUtilities.h */ = {isa = PBXFileReference; fileEncoding = 4; lastKnownFileType = sourcecode.c.h; path = MASUtilities.h; sourceTree = "<group>"; };
		3A0309881F4FBF9E00465876 /* MASViewAttribute.h */ = {isa = PBXFileReference; fileEncoding = 4; lastKnownFileType = sourcecode.c.h; path = MASViewAttribute.h; sourceTree = "<group>"; };
		3A0309891F4FBF9E00465876 /* MASViewAttribute.m */ = {isa = PBXFileReference; fileEncoding = 4; lastKnownFileType = sourcecode.c.objc; path = MASViewAttribute.m; sourceTree = "<group>"; };
		3A03098A1F4FBF9E00465876 /* MASViewConstraint.h */ = {isa = PBXFileReference; fileEncoding = 4; lastKnownFileType = sourcecode.c.h; path = MASViewConstraint.h; sourceTree = "<group>"; };
		3A03098B1F4FBF9E00465876 /* MASViewConstraint.m */ = {isa = PBXFileReference; fileEncoding = 4; lastKnownFileType = sourcecode.c.objc; path = MASViewConstraint.m; sourceTree = "<group>"; };
		3A03098C1F4FBF9E00465876 /* NSArray+MASAdditions.h */ = {isa = PBXFileReference; fileEncoding = 4; lastKnownFileType = sourcecode.c.h; path = "NSArray+MASAdditions.h"; sourceTree = "<group>"; };
		3A03098D1F4FBF9E00465876 /* NSArray+MASAdditions.m */ = {isa = PBXFileReference; fileEncoding = 4; lastKnownFileType = sourcecode.c.objc; path = "NSArray+MASAdditions.m"; sourceTree = "<group>"; };
		3A03098E1F4FBF9E00465876 /* NSArray+MASShorthandAdditions.h */ = {isa = PBXFileReference; fileEncoding = 4; lastKnownFileType = sourcecode.c.h; path = "NSArray+MASShorthandAdditions.h"; sourceTree = "<group>"; };
		3A03098F1F4FBF9E00465876 /* NSLayoutConstraint+MASDebugAdditions.h */ = {isa = PBXFileReference; fileEncoding = 4; lastKnownFileType = sourcecode.c.h; path = "NSLayoutConstraint+MASDebugAdditions.h"; sourceTree = "<group>"; };
		3A0309901F4FBF9E00465876 /* NSLayoutConstraint+MASDebugAdditions.m */ = {isa = PBXFileReference; fileEncoding = 4; lastKnownFileType = sourcecode.c.objc; path = "NSLayoutConstraint+MASDebugAdditions.m"; sourceTree = "<group>"; };
		3A0309911F4FBF9E00465876 /* View+MASAdditions.h */ = {isa = PBXFileReference; fileEncoding = 4; lastKnownFileType = sourcecode.c.h; path = "View+MASAdditions.h"; sourceTree = "<group>"; };
		3A0309921F4FBF9E00465876 /* View+MASAdditions.m */ = {isa = PBXFileReference; fileEncoding = 4; lastKnownFileType = sourcecode.c.objc; path = "View+MASAdditions.m"; sourceTree = "<group>"; };
		3A0309931F4FBF9E00465876 /* View+MASShorthandAdditions.h */ = {isa = PBXFileReference; fileEncoding = 4; lastKnownFileType = sourcecode.c.h; path = "View+MASShorthandAdditions.h"; sourceTree = "<group>"; };
		3A0309941F4FBF9E00465876 /* ViewController+MASAdditions.h */ = {isa = PBXFileReference; fileEncoding = 4; lastKnownFileType = sourcecode.c.h; path = "ViewController+MASAdditions.h"; sourceTree = "<group>"; };
		3A0309951F4FBF9E00465876 /* ViewController+MASAdditions.m */ = {isa = PBXFileReference; fileEncoding = 4; lastKnownFileType = sourcecode.c.objc; path = "ViewController+MASAdditions.m"; sourceTree = "<group>"; };
		3A0309971F4FBF9E00465876 /* SBCommonHeader.h */ = {isa = PBXFileReference; fileEncoding = 4; lastKnownFileType = sourcecode.c.h; path = SBCommonHeader.h; sourceTree = "<group>"; };
		3A0309981F4FBF9E00465876 /* SBControlView.h */ = {isa = PBXFileReference; fileEncoding = 4; lastKnownFileType = sourcecode.c.h; path = SBControlView.h; sourceTree = "<group>"; };
		3A0309991F4FBF9E00465876 /* SBControlView.m */ = {isa = PBXFileReference; fileEncoding = 4; lastKnownFileType = sourcecode.c.objc; path = SBControlView.m; sourceTree = "<group>"; };
		3A03099A1F4FBF9E00465876 /* SBPauseOrPlayView.h */ = {isa = PBXFileReference; fileEncoding = 4; lastKnownFileType = sourcecode.c.h; path = SBPauseOrPlayView.h; sourceTree = "<group>"; };
		3A03099B1F4FBF9E00465876 /* SBPauseOrPlayView.m */ = {isa = PBXFileReference; fileEncoding = 4; lastKnownFileType = sourcecode.c.objc; path = SBPauseOrPlayView.m; sourceTree = "<group>"; };
		3A03099C1F4FBF9E00465876 /* SBPlayer.h */ = {isa = PBXFileReference; fileEncoding = 4; lastKnownFileType = sourcecode.c.h; path = SBPlayer.h; sourceTree = "<group>"; };
		3A03099D1F4FBF9E00465876 /* SBPlayer.m */ = {isa = PBXFileReference; fileEncoding = 4; lastKnownFileType = sourcecode.c.objc; path = SBPlayer.m; sourceTree = "<group>"; };
		3A03099F1F4FBF9E00465876 /* full_screen.png */ = {isa = PBXFileReference; lastKnownFileType = image.png; path = full_screen.png; sourceTree = "<group>"; };
		3A0309A01F4FBF9E00465876 /* full_screen@2x.png */ = {isa = PBXFileReference; lastKnownFileType = image.png; path = "full_screen@2x.png"; sourceTree = "<group>"; };
		3A0309A11F4FBF9E00465876 /* knob.png */ = {isa = PBXFileReference; lastKnownFileType = image.png; path = knob.png; sourceTree = "<group>"; };
		3A0309A21F4FBF9E00465876 /* pause.png */ = {isa = PBXFileReference; lastKnownFileType = image.png; path = pause.png; sourceTree = "<group>"; };
		3A0309A31F4FBF9E00465876 /* pause@2x.png */ = {isa = PBXFileReference; lastKnownFileType = image.png; path = "pause@2x.png"; sourceTree = "<group>"; };
		3A0309A41F4FBF9E00465876 /* play.png */ = {isa = PBXFileReference; lastKnownFileType = image.png; path = play.png; sourceTree = "<group>"; };
		3A0309A51F4FBF9E00465876 /* play@2x.png */ = {isa = PBXFileReference; lastKnownFileType = image.png; path = "play@2x.png"; sourceTree = "<group>"; };
		3A0309A81F4FBF9E00465876 /* ZBNavgationController.h */ = {isa = PBXFileReference; fileEncoding = 4; lastKnownFileType = sourcecode.c.h; path = ZBNavgationController.h; sourceTree = "<group>"; };
		3A0309A91F4FBF9E00465876 /* ZBNavgationController.m */ = {isa = PBXFileReference; fileEncoding = 4; lastKnownFileType = sourcecode.c.objc; path = ZBNavgationController.m; sourceTree = "<group>"; };
		3A0309AA1F4FBF9E00465876 /* ZBTabbarController.h */ = {isa = PBXFileReference; fileEncoding = 4; lastKnownFileType = sourcecode.c.h; path = ZBTabbarController.h; sourceTree = "<group>"; };
		3A0309AB1F4FBF9E00465876 /* ZBTabbarController.m */ = {isa = PBXFileReference; fileEncoding = 4; lastKnownFileType = sourcecode.c.objc; path = ZBTabbarController.m; sourceTree = "<group>"; };
		3A0309AF1F4FBF9E00465876 /* AppDelegate.h */ = {isa = PBXFileReference; fileEncoding = 4; lastKnownFileType = sourcecode.c.h; path = AppDelegate.h; sourceTree = "<group>"; };
		3A0309B01F4FBF9E00465876 /* AppDelegate.m */ = {isa = PBXFileReference; fileEncoding = 4; lastKnownFileType = sourcecode.c.objc; path = AppDelegate.m; sourceTree = "<group>"; };
		3A0309B21F4FBF9E00465876 /* main.m */ = {isa = PBXFileReference; fileEncoding = 4; lastKnownFileType = sourcecode.c.objc; path = main.m; sourceTree = "<group>"; };
		3A0309B51F4FBF9E00465876 /* PlayMoviewController.h */ = {isa = PBXFileReference; fileEncoding = 4; lastKnownFileType = sourcecode.c.h; path = PlayMoviewController.h; sourceTree = "<group>"; };
		3A0309B61F4FBF9E00465876 /* PlayMoviewController.m */ = {isa = PBXFileReference; fileEncoding = 4; lastKnownFileType = sourcecode.c.objc; path = PlayMoviewController.m; sourceTree = "<group>"; };
		3A0309B71F4FBF9E00465876 /* PlayMoviewController.xib */ = {isa = PBXFileReference; fileEncoding = 4; lastKnownFileType = file.xib; path = PlayMoviewController.xib; sourceTree = "<group>"; };
		3A0309DE1F4FC01300465876 /* Info.plist */ = {isa = PBXFileReference; fileEncoding = 4; lastKnownFileType = text.plist.xml; path = Info.plist; sourceTree = "<group>"; };
		3A0309E01F50023C00465876 /* ZBTool.h */ = {isa = PBXFileReference; fileEncoding = 4; lastKnownFileType = sourcecode.c.h; path = ZBTool.h; sourceTree = "<group>"; };
		3A0309E11F50023C00465876 /* ZBTool.m */ = {isa = PBXFileReference; fileEncoding = 4; lastKnownFileType = sourcecode.c.objc; path = ZBTool.m; sourceTree = "<group>"; };
		3A29119C1F4C034C0092C693 /* ZBPlayer.app */ = {isa = PBXFileReference; explicitFileType = wrapper.application; includeInIndex = 0; path = ZBPlayer.app; sourceTree = BUILT_PRODUCTS_DIR; };
		3A2911A51F4C034C0092C693 /* ViewController.h */ = {isa = PBXFileReference; lastKnownFileType = sourcecode.c.h; path = ViewController.h; sourceTree = "<group>"; };
		3A2911A61F4C034C0092C693 /* ViewController.m */ = {isa = PBXFileReference; lastKnownFileType = sourcecode.c.objc; path = ViewController.m; sourceTree = "<group>"; };
		3A2911A91F4C034C0092C693 /* Base */ = {isa = PBXFileReference; lastKnownFileType = file.storyboard; name = Base; path = Base.lproj/Main.storyboard; sourceTree = "<group>"; };
		3A2911AB1F4C034C0092C693 /* Assets.xcassets */ = {isa = PBXFileReference; lastKnownFileType = folder.assetcatalog; path = Assets.xcassets; sourceTree = "<group>"; };
		3A2911AE1F4C034C0092C693 /* Base */ = {isa = PBXFileReference; lastKnownFileType = file.storyboard; name = Base; path = Base.lproj/LaunchScreen.storyboard; sourceTree = "<group>"; };
		8980EF3042AD75B28356970E /* Pods-ZBPlayer.debug.xcconfig */ = {isa = PBXFileReference; includeInIndex = 1; lastKnownFileType = text.xcconfig; name = "Pods-ZBPlayer.debug.xcconfig"; path = "Pods/Target Support Files/Pods-ZBPlayer/Pods-ZBPlayer.debug.xcconfig"; sourceTree = "<group>"; };
		E031A25A077886026B8CC01F /* libPods-ZBPlayer.a */ = {isa = PBXFileReference; explicitFileType = archive.ar; includeInIndex = 0; path = "libPods-ZBPlayer.a"; sourceTree = BUILT_PRODUCTS_DIR; };
/* End PBXFileReference section */

/* Begin PBXFrameworksBuildPhase section */
		3A2911991F4C034C0092C693 /* Frameworks */ = {
			isa = PBXFrameworksBuildPhase;
			buildActionMask = 2147483647;
			files = (
				75B053160025B703CAC63791 /* libPods-ZBPlayer.a in Frameworks */,
			);
			runOnlyForDeploymentPostprocessing = 0;
		};
/* End PBXFrameworksBuildPhase section */

/* Begin PBXGroup section */
		06F0497C0B84840DF3A5110A /* Frameworks */ = {
			isa = PBXGroup;
			children = (
				E031A25A077886026B8CC01F /* libPods-ZBPlayer.a */,
			);
			name = Frameworks;
			sourceTree = "<group>";
		};
		3A0309611F4FBF9E00465876 /* class */ = {
			isa = PBXGroup;
			children = (
				3A0309621F4FBF9E00465876 /* AddingMovie */,
				3A0309691F4FBF9E00465876 /* Downloaded */,
				3A0309701F4FBF9E00465876 /* Downloading */,
				3A03097A1F4FBF9E00465876 /* Lib */,
				3A0309A61F4FBF9E00465876 /* Main */,
				3A0309AE1F4FBF9E00465876 /* Other */,
				3A0309B31F4FBF9E00465876 /* PlayingMovie */,
			);
			path = class;
			sourceTree = "<group>";
		};
		3A0309621F4FBF9E00465876 /* AddingMovie */ = {
			isa = PBXGroup;
			children = (
				3A0309631F4FBF9E00465876 /* Contrller */,
				3A0309671F4FBF9E00465876 /* Model */,
				3A0309681F4FBF9E00465876 /* View */,
			);
			path = AddingMovie;
			sourceTree = "<group>";
		};
		3A0309631F4FBF9E00465876 /* Contrller */ = {
			isa = PBXGroup;
			children = (
				3A0309641F4FBF9E00465876 /* AddingMovieController.h */,
				3A0309651F4FBF9E00465876 /* AddingMovieController.m */,
				3A0309661F4FBF9E00465876 /* AddingMovieController.xib */,
			);
			path = Contrller;
			sourceTree = "<group>";
		};
		3A0309671F4FBF9E00465876 /* Model */ = {
			isa = PBXGroup;
			children = (
			);
			path = Model;
			sourceTree = "<group>";
		};
		3A0309681F4FBF9E00465876 /* View */ = {
			isa = PBXGroup;
			children = (
			);
			path = View;
			sourceTree = "<group>";
		};
		3A0309691F4FBF9E00465876 /* Downloaded */ = {
			isa = PBXGroup;
			children = (
				3A03096A1F4FBF9E00465876 /* Contrller */,
				3A03096E1F4FBF9E00465876 /* Model */,
				3A03096F1F4FBF9E00465876 /* View */,
			);
			path = Downloaded;
			sourceTree = "<group>";
		};
		3A03096A1F4FBF9E00465876 /* Contrller */ = {
			isa = PBXGroup;
			children = (
				3A03096B1F4FBF9E00465876 /* DownLoadedController.h */,
				3A03096C1F4FBF9E00465876 /* DownLoadedController.m */,
				3A03096D1F4FBF9E00465876 /* DownLoadedController.xib */,
			);
			path = Contrller;
			sourceTree = "<group>";
		};
		3A03096E1F4FBF9E00465876 /* Model */ = {
			isa = PBXGroup;
			children = (
			);
			path = Model;
			sourceTree = "<group>";
		};
		3A03096F1F4FBF9E00465876 /* View */ = {
			isa = PBXGroup;
			children = (
			);
			path = View;
			sourceTree = "<group>";
		};
		3A0309701F4FBF9E00465876 /* Downloading */ = {
			isa = PBXGroup;
			children = (
				3A0309711F4FBF9E00465876 /* Contrller */,
				3A0309751F4FBF9E00465876 /* Model */,
				3A0309E31F50024100465876 /* ZBTool */,
				3A0309761F4FBF9E00465876 /* View */,
			);
			path = Downloading;
			sourceTree = "<group>";
		};
		3A0309711F4FBF9E00465876 /* Contrller */ = {
			isa = PBXGroup;
			children = (
				3A0309721F4FBF9E00465876 /* DownLoadingController.h */,
				3A0309731F4FBF9E00465876 /* DownLoadingController.m */,
				3A0309741F4FBF9E00465876 /* DownLoadingController.xib */,
			);
			path = Contrller;
			sourceTree = "<group>";
		};
		3A0309751F4FBF9E00465876 /* Model */ = {
			isa = PBXGroup;
			children = (
			);
			path = Model;
			sourceTree = "<group>";
		};
		3A0309761F4FBF9E00465876 /* View */ = {
			isa = PBXGroup;
			children = (
				3A0309771F4FBF9E00465876 /* MoviewCell.h */,
				3A0309781F4FBF9E00465876 /* MoviewCell.m */,
				3A0309791F4FBF9E00465876 /* MoviewCell.xib */,
			);
			path = View;
			sourceTree = "<group>";
		};
		3A03097A1F4FBF9E00465876 /* Lib */ = {
			isa = PBXGroup;
			children = (
				3A03097B1F4FBF9E00465876 /* Masonry */,
				3A0309961F4FBF9E00465876 /* SBPlayer */,
			);
			path = Lib;
			sourceTree = "<group>";
		};
		3A03097B1F4FBF9E00465876 /* Masonry */ = {
			isa = PBXGroup;
			children = (
				3A03097C1F4FBF9E00465876 /* Info.plist */,
				3A03097D1F4FBF9E00465876 /* MASCompositeConstraint.h */,
				3A03097E1F4FBF9E00465876 /* MASCompositeConstraint.m */,
				3A03097F1F4FBF9E00465876 /* MASConstraint+Private.h */,
				3A0309801F4FBF9E00465876 /* MASConstraint.h */,
				3A0309811F4FBF9E00465876 /* MASConstraint.m */,
				3A0309821F4FBF9E00465876 /* MASConstraintMaker.h */,
				3A0309831F4FBF9E00465876 /* MASConstraintMaker.m */,
				3A0309841F4FBF9E00465876 /* MASLayoutConstraint.h */,
				3A0309851F4FBF9E00465876 /* MASLayoutConstraint.m */,
				3A0309861F4FBF9E00465876 /* Masonry.h */,
				3A0309871F4FBF9E00465876 /* MASUtilities.h */,
				3A0309881F4FBF9E00465876 /* MASViewAttribute.h */,
				3A0309891F4FBF9E00465876 /* MASViewAttribute.m */,
				3A03098A1F4FBF9E00465876 /* MASViewConstraint.h */,
				3A03098B1F4FBF9E00465876 /* MASViewConstraint.m */,
				3A03098C1F4FBF9E00465876 /* NSArray+MASAdditions.h */,
				3A03098D1F4FBF9E00465876 /* NSArray+MASAdditions.m */,
				3A03098E1F4FBF9E00465876 /* NSArray+MASShorthandAdditions.h */,
				3A03098F1F4FBF9E00465876 /* NSLayoutConstraint+MASDebugAdditions.h */,
				3A0309901F4FBF9E00465876 /* NSLayoutConstraint+MASDebugAdditions.m */,
				3A0309911F4FBF9E00465876 /* View+MASAdditions.h */,
				3A0309921F4FBF9E00465876 /* View+MASAdditions.m */,
				3A0309931F4FBF9E00465876 /* View+MASShorthandAdditions.h */,
				3A0309941F4FBF9E00465876 /* ViewController+MASAdditions.h */,
				3A0309951F4FBF9E00465876 /* ViewController+MASAdditions.m */,
			);
			path = Masonry;
			sourceTree = "<group>";
		};
		3A0309961F4FBF9E00465876 /* SBPlayer */ = {
			isa = PBXGroup;
			children = (
				3A0309971F4FBF9E00465876 /* SBCommonHeader.h */,
				3A0309981F4FBF9E00465876 /* SBControlView.h */,
				3A0309991F4FBF9E00465876 /* SBControlView.m */,
				3A03099A1F4FBF9E00465876 /* SBPauseOrPlayView.h */,
				3A03099B1F4FBF9E00465876 /* SBPauseOrPlayView.m */,
				3A03099C1F4FBF9E00465876 /* SBPlayer.h */,
				3A03099D1F4FBF9E00465876 /* SBPlayer.m */,
				3A03099E1F4FBF9E00465876 /* Source */,
			);
			path = SBPlayer;
			sourceTree = "<group>";
		};
		3A03099E1F4FBF9E00465876 /* Source */ = {
			isa = PBXGroup;
			children = (
				3A03099F1F4FBF9E00465876 /* full_screen.png */,
				3A0309A01F4FBF9E00465876 /* full_screen@2x.png */,
				3A0309A11F4FBF9E00465876 /* knob.png */,
				3A0309A21F4FBF9E00465876 /* pause.png */,
				3A0309A31F4FBF9E00465876 /* pause@2x.png */,
				3A0309A41F4FBF9E00465876 /* play.png */,
				3A0309A51F4FBF9E00465876 /* play@2x.png */,
			);
			path = Source;
			sourceTree = "<group>";
		};
		3A0309A61F4FBF9E00465876 /* Main */ = {
			isa = PBXGroup;
			children = (
				3A0309A71F4FBF9E00465876 /* Contrller */,
				3A0309AC1F4FBF9E00465876 /* Model */,
				3A0309AD1F4FBF9E00465876 /* View */,
			);
			path = Main;
			sourceTree = "<group>";
		};
		3A0309A71F4FBF9E00465876 /* Contrller */ = {
			isa = PBXGroup;
			children = (
				3A0309A81F4FBF9E00465876 /* ZBNavgationController.h */,
				3A0309A91F4FBF9E00465876 /* ZBNavgationController.m */,
				3A0309AA1F4FBF9E00465876 /* ZBTabbarController.h */,
				3A0309AB1F4FBF9E00465876 /* ZBTabbarController.m */,
			);
			path = Contrller;
			sourceTree = "<group>";
		};
		3A0309AC1F4FBF9E00465876 /* Model */ = {
			isa = PBXGroup;
			children = (
			);
			path = Model;
			sourceTree = "<group>";
		};
		3A0309AD1F4FBF9E00465876 /* View */ = {
			isa = PBXGroup;
			children = (
			);
			path = View;
			sourceTree = "<group>";
		};
		3A0309AE1F4FBF9E00465876 /* Other */ = {
			isa = PBXGroup;
			children = (
				3A0309AF1F4FBF9E00465876 /* AppDelegate.h */,
				3A0309B01F4FBF9E00465876 /* AppDelegate.m */,
				3A0309B21F4FBF9E00465876 /* main.m */,
			);
			path = Other;
			sourceTree = "<group>";
		};
		3A0309B31F4FBF9E00465876 /* PlayingMovie */ = {
			isa = PBXGroup;
			children = (
				3A0309B41F4FBF9E00465876 /* Contrller */,
				3A0309B81F4FBF9E00465876 /* Model */,
				3A0309B91F4FBF9E00465876 /* View */,
			);
			path = PlayingMovie;
			sourceTree = "<group>";
		};
		3A0309B41F4FBF9E00465876 /* Contrller */ = {
			isa = PBXGroup;
			children = (
				3A0309B51F4FBF9E00465876 /* PlayMoviewController.h */,
				3A0309B61F4FBF9E00465876 /* PlayMoviewController.m */,
				3A0309B71F4FBF9E00465876 /* PlayMoviewController.xib */,
			);
			path = Contrller;
			sourceTree = "<group>";
		};
		3A0309B81F4FBF9E00465876 /* Model */ = {
			isa = PBXGroup;
			children = (
			);
			path = Model;
			sourceTree = "<group>";
		};
		3A0309B91F4FBF9E00465876 /* View */ = {
			isa = PBXGroup;
			children = (
			);
			path = View;
			sourceTree = "<group>";
		};
		3A0309E31F50024100465876 /* ZBTool */ = {
			isa = PBXGroup;
			children = (
				3A0309E01F50023C00465876 /* ZBTool.h */,
				3A0309E11F50023C00465876 /* ZBTool.m */,
			);
			name = ZBTool;
			path = View;
			sourceTree = "<group>";
		};
		3A2911931F4C034C0092C693 = {
			isa = PBXGroup;
			children = (
				3A29119E1F4C034C0092C693 /* ZBPlayer */,
				3A29119D1F4C034C0092C693 /* Products */,
				A3B175FC2E3542BBD050E362 /* Pods */,
				06F0497C0B84840DF3A5110A /* Frameworks */,
			);
			sourceTree = "<group>";
		};
		3A29119D1F4C034C0092C693 /* Products */ = {
			isa = PBXGroup;
			children = (
				3A29119C1F4C034C0092C693 /* ZBPlayer.app */,
			);
			name = Products;
			sourceTree = "<group>";
		};
		3A29119E1F4C034C0092C693 /* ZBPlayer */ = {
			isa = PBXGroup;
			children = (
				3A2911A51F4C034C0092C693 /* ViewController.h */,
				3A2911A61F4C034C0092C693 /* ViewController.m */,
				3A0309611F4FBF9E00465876 /* class */,
				3A0309DE1F4FC01300465876 /* Info.plist */,
				3A2911A81F4C034C0092C693 /* Main.storyboard */,
				3A2911AB1F4C034C0092C693 /* Assets.xcassets */,
				3A2911AD1F4C034C0092C693 /* LaunchScreen.storyboard */,
				3A29119F1F4C034C0092C693 /* Supporting Files */,
			);
			path = ZBPlayer;
			sourceTree = "<group>";
		};
		3A29119F1F4C034C0092C693 /* Supporting Files */ = {
			isa = PBXGroup;
			children = (
			);
			name = "Supporting Files";
			sourceTree = "<group>";
		};
		A3B175FC2E3542BBD050E362 /* Pods */ = {
			isa = PBXGroup;
			children = (
				8980EF3042AD75B28356970E /* Pods-ZBPlayer.debug.xcconfig */,
				10A616E21C3D305A3C342298 /* Pods-ZBPlayer.release.xcconfig */,
			);
			name = Pods;
			sourceTree = "<group>";
		};
/* End PBXGroup section */

/* Begin PBXNativeTarget section */
		3A29119B1F4C034C0092C693 /* ZBPlayer */ = {
			isa = PBXNativeTarget;
			buildConfigurationList = 3A2911B31F4C034C0092C693 /* Build configuration list for PBXNativeTarget "ZBPlayer" */;
			buildPhases = (
				2C60BAA5D8A51915B44EA6B4 /* [CP] Check Pods Manifest.lock */,
				3A2911981F4C034C0092C693 /* Sources */,
				3A2911991F4C034C0092C693 /* Frameworks */,
				3A29119A1F4C034C0092C693 /* Resources */,
				C42185D25C2897B380644BB1 /* [CP] Embed Pods Frameworks */,
				444C77ECC9D2F32F16DD1BF3 /* [CP] Copy Pods Resources */,
			);
			buildRules = (
			);
			dependencies = (
			);
			name = ZBPlayer;
			productName = ZBPlayer;
			productReference = 3A29119C1F4C034C0092C693 /* ZBPlayer.app */;
			productType = "com.apple.product-type.application";
		};
/* End PBXNativeTarget section */

/* Begin PBXProject section */
		3A2911941F4C034C0092C693 /* Project object */ = {
			isa = PBXProject;
			attributes = {
				LastUpgradeCheck = 0830;
				ORGANIZATIONNAME = "柏超曾";
				TargetAttributes = {
					3A29119B1F4C034C0092C693 = {
						CreatedOnToolsVersion = 8.3.3;
						DevelopmentTeam = 8E534K4D8Z;
						ProvisioningStyle = Automatic;
					};
				};
			};
			buildConfigurationList = 3A2911971F4C034C0092C693 /* Build configuration list for PBXProject "ZBPlayer" */;
			compatibilityVersion = "Xcode 3.2";
			developmentRegion = English;
			hasScannedForEncodings = 0;
			knownRegions = (
				en,
				Base,
			);
			mainGroup = 3A2911931F4C034C0092C693;
			productRefGroup = 3A29119D1F4C034C0092C693 /* Products */;
			projectDirPath = "";
			projectRoot = "";
			targets = (
				3A29119B1F4C034C0092C693 /* ZBPlayer */,
			);
		};
/* End PBXProject section */

/* Begin PBXResourcesBuildPhase section */
		3A29119A1F4C034C0092C693 /* Resources */ = {
			isa = PBXResourcesBuildPhase;
			buildActionMask = 2147483647;
			files = (
				3A0309C21F4FBF9E00465876 /* Info.plist in Resources */,
				3A2911AF1F4C034C0092C693 /* LaunchScreen.storyboard in Resources */,
				3A0309D31F4FBF9E00465876 /* pause.png in Resources */,
				3A0309BD1F4FBF9E00465876 /* DownLoadedController.xib in Resources */,
				3A0309C11F4FBF9E00465876 /* MoviewCell.xib in Resources */,
				3A0309D61F4FBF9E00465876 /* play@2x.png in Resources */,
				3A0309D21F4FBF9E00465876 /* knob.png in Resources */,
				3A0309BF1F4FBF9E00465876 /* DownLoadingController.xib in Resources */,
				3A0309D51F4FBF9E00465876 /* play.png in Resources */,
				3A0309D41F4FBF9E00465876 /* pause@2x.png in Resources */,
				3A0309DF1F4FC01300465876 /* Info.plist in Resources */,
				3A0309D11F4FBF9E00465876 /* full_screen@2x.png in Resources */,
				3A0309D01F4FBF9E00465876 /* full_screen.png in Resources */,
				3A0309BB1F4FBF9E00465876 /* AddingMovieController.xib in Resources */,
				3A2911AC1F4C034C0092C693 /* Assets.xcassets in Resources */,
				3A0309DD1F4FBF9E00465876 /* PlayMoviewController.xib in Resources */,
				3A2911AA1F4C034C0092C693 /* Main.storyboard in Resources */,
			);
			runOnlyForDeploymentPostprocessing = 0;
		};
/* End PBXResourcesBuildPhase section */

/* Begin PBXShellScriptBuildPhase section */
		2C60BAA5D8A51915B44EA6B4 /* [CP] Check Pods Manifest.lock */ = {
			isa = PBXShellScriptBuildPhase;
			buildActionMask = 2147483647;
			files = (
			);
			inputPaths = (
			);
			name = "[CP] Check Pods Manifest.lock";
			outputPaths = (
			);
			runOnlyForDeploymentPostprocessing = 0;
			shellPath = /bin/sh;
			shellScript = "diff \"${PODS_ROOT}/../Podfile.lock\" \"${PODS_ROOT}/Manifest.lock\" > /dev/null\nif [ $? != 0 ] ; then\n    # print error to STDERR\n    echo \"error: The sandbox is not in sync with the Podfile.lock. Run 'pod install' or update your CocoaPods installation.\" >&2\n    exit 1\nfi\n";
			showEnvVarsInLog = 0;
		};
		444C77ECC9D2F32F16DD1BF3 /* [CP] Copy Pods Resources */ = {
			isa = PBXShellScriptBuildPhase;
			buildActionMask = 2147483647;
			files = (
			);
			inputPaths = (
			);
			name = "[CP] Copy Pods Resources";
			outputPaths = (
			);
			runOnlyForDeploymentPostprocessing = 0;
			shellPath = /bin/sh;
			shellScript = "\"${SRCROOT}/Pods/Target Support Files/Pods-ZBPlayer/Pods-ZBPlayer-resources.sh\"\n";
			showEnvVarsInLog = 0;
		};
		C42185D25C2897B380644BB1 /* [CP] Embed Pods Frameworks */ = {
			isa = PBXShellScriptBuildPhase;
			buildActionMask = 2147483647;
			files = (
			);
			inputPaths = (
			);
			name = "[CP] Embed Pods Frameworks";
			outputPaths = (
			);
			runOnlyForDeploymentPostprocessing = 0;
			shellPath = /bin/sh;
			shellScript = "\"${SRCROOT}/Pods/Target Support Files/Pods-ZBPlayer/Pods-ZBPlayer-frameworks.sh\"\n";
			showEnvVarsInLog = 0;
		};
/* End PBXShellScriptBuildPhase section */

/* Begin PBXSourcesBuildPhase section */
		3A2911981F4C034C0092C693 /* Sources */ = {
			isa = PBXSourcesBuildPhase;
			buildActionMask = 2147483647;
			files = (
				3A0309CA1F4FBF9E00465876 /* NSLayoutConstraint+MASDebugAdditions.m in Sources */,
				3A0309C01F4FBF9E00465876 /* MoviewCell.m in Sources */,
				3A0309C81F4FBF9E00465876 /* MASViewConstraint.m in Sources */,
				3A0309BE1F4FBF9E00465876 /* DownLoadingController.m in Sources */,
				3A0309DC1F4FBF9E00465876 /* PlayMoviewController.m in Sources */,
				3A0309E21F50023C00465876 /* ZBTool.m in Sources */,
				3A2911A71F4C034C0092C693 /* ViewController.m in Sources */,
				3A0309BC1F4FBF9E00465876 /* DownLoadedController.m in Sources */,
				3A0309CB1F4FBF9E00465876 /* View+MASAdditions.m in Sources */,
				3A0309C31F4FBF9E00465876 /* MASCompositeConstraint.m in Sources */,
				3A0309C71F4FBF9E00465876 /* MASViewAttribute.m in Sources */,
				3A0309C51F4FBF9E00465876 /* MASConstraintMaker.m in Sources */,
				3A0309D71F4FBF9E00465876 /* ZBNavgationController.m in Sources */,
				3A0309C91F4FBF9E00465876 /* NSArray+MASAdditions.m in Sources */,
				3A0309CD1F4FBF9E00465876 /* SBControlView.m in Sources */,
				3A0309CC1F4FBF9E00465876 /* ViewController+MASAdditions.m in Sources */,
				3A0309C41F4FBF9E00465876 /* MASConstraint.m in Sources */,
				3A0309C61F4FBF9E00465876 /* MASLayoutConstraint.m in Sources */,
				3A0309BA1F4FBF9E00465876 /* AddingMovieController.m in Sources */,
				3A0309CE1F4FBF9E00465876 /* SBPauseOrPlayView.m in Sources */,
				3A0309CF1F4FBF9E00465876 /* SBPlayer.m in Sources */,
				3A0309D81F4FBF9E00465876 /* ZBTabbarController.m in Sources */,
				3A0309DB1F4FBF9E00465876 /* main.m in Sources */,
				3A0309D91F4FBF9E00465876 /* AppDelegate.m in Sources */,
			);
			runOnlyForDeploymentPostprocessing = 0;
		};
/* End PBXSourcesBuildPhase section */

/* Begin PBXVariantGroup section */
		3A2911A81F4C034C0092C693 /* Main.storyboard */ = {
			isa = PBXVariantGroup;
			children = (
				3A2911A91F4C034C0092C693 /* Base */,
			);
			name = Main.storyboard;
			sourceTree = "<group>";
		};
		3A2911AD1F4C034C0092C693 /* LaunchScreen.storyboard */ = {
			isa = PBXVariantGroup;
			children = (
				3A2911AE1F4C034C0092C693 /* Base */,
			);
			name = LaunchScreen.storyboard;
			sourceTree = "<group>";
		};
/* End PBXVariantGroup section */

/* Begin XCBuildConfiguration section */
		3A2911B11F4C034C0092C693 /* Debug */ = {
			isa = XCBuildConfiguration;
			buildSettings = {
				ALWAYS_SEARCH_USER_PATHS = NO;
				CLANG_ANALYZER_NONNULL = YES;
				CLANG_ANALYZER_NUMBER_OBJECT_CONVERSION = YES_AGGRESSIVE;
				CLANG_CXX_LANGUAGE_STANDARD = "gnu++0x";
				CLANG_CXX_LIBRARY = "libc++";
				CLANG_ENABLE_MODULES = YES;
				CLANG_ENABLE_OBJC_ARC = YES;
				CLANG_WARN_BOOL_CONVERSION = YES;
				CLANG_WARN_CONSTANT_CONVERSION = YES;
				CLANG_WARN_DIRECT_OBJC_ISA_USAGE = YES_ERROR;
				CLANG_WARN_DOCUMENTATION_COMMENTS = YES;
				CLANG_WARN_EMPTY_BODY = YES;
				CLANG_WARN_ENUM_CONVERSION = YES;
				CLANG_WARN_INFINITE_RECURSION = YES;
				CLANG_WARN_INT_CONVERSION = YES;
				CLANG_WARN_OBJC_ROOT_CLASS = YES_ERROR;
				CLANG_WARN_SUSPICIOUS_MOVE = YES;
				CLANG_WARN_UNREACHABLE_CODE = YES;
				CLANG_WARN__DUPLICATE_METHOD_MATCH = YES;
				"CODE_SIGN_IDENTITY[sdk=iphoneos*]" = "iPhone Developer";
				COPY_PHASE_STRIP = NO;
				DEBUG_INFORMATION_FORMAT = dwarf;
				ENABLE_STRICT_OBJC_MSGSEND = YES;
				ENABLE_TESTABILITY = YES;
				GCC_C_LANGUAGE_STANDARD = gnu99;
				GCC_DYNAMIC_NO_PIC = NO;
				GCC_NO_COMMON_BLOCKS = YES;
				GCC_OPTIMIZATION_LEVEL = 0;
				GCC_PREPROCESSOR_DEFINITIONS = (
					"DEBUG=1",
					"$(inherited)",
				);
				GCC_WARN_64_TO_32_BIT_CONVERSION = YES;
				GCC_WARN_ABOUT_RETURN_TYPE = YES_ERROR;
				GCC_WARN_UNDECLARED_SELECTOR = YES;
				GCC_WARN_UNINITIALIZED_AUTOS = YES_AGGRESSIVE;
				GCC_WARN_UNUSED_FUNCTION = YES;
				GCC_WARN_UNUSED_VARIABLE = YES;
				IPHONEOS_DEPLOYMENT_TARGET = 10.3;
				MTL_ENABLE_DEBUG_INFO = YES;
				ONLY_ACTIVE_ARCH = YES;
				SDKROOT = iphoneos;
			};
			name = Debug;
		};
		3A2911B21F4C034C0092C693 /* Release */ = {
			isa = XCBuildConfiguration;
			buildSettings = {
				ALWAYS_SEARCH_USER_PATHS = NO;
				CLANG_ANALYZER_NONNULL = YES;
				CLANG_ANALYZER_NUMBER_OBJECT_CONVERSION = YES_AGGRESSIVE;
				CLANG_CXX_LANGUAGE_STANDARD = "gnu++0x";
				CLANG_CXX_LIBRARY = "libc++";
				CLANG_ENABLE_MODULES = YES;
				CLANG_ENABLE_OBJC_ARC = YES;
				CLANG_WARN_BOOL_CONVERSION = YES;
				CLANG_WARN_CONSTANT_CONVERSION = YES;
				CLANG_WARN_DIRECT_OBJC_ISA_USAGE = YES_ERROR;
				CLANG_WARN_DOCUMENTATION_COMMENTS = YES;
				CLANG_WARN_EMPTY_BODY = YES;
				CLANG_WARN_ENUM_CONVERSION = YES;
				CLANG_WARN_INFINITE_RECURSION = YES;
				CLANG_WARN_INT_CONVERSION = YES;
				CLANG_WARN_OBJC_ROOT_CLASS = YES_ERROR;
				CLANG_WARN_SUSPICIOUS_MOVE = YES;
				CLANG_WARN_UNREACHABLE_CODE = YES;
				CLANG_WARN__DUPLICATE_METHOD_MATCH = YES;
				"CODE_SIGN_IDENTITY[sdk=iphoneos*]" = "iPhone Developer";
				COPY_PHASE_STRIP = NO;
				DEBUG_INFORMATION_FORMAT = "dwarf-with-dsym";
				ENABLE_NS_ASSERTIONS = NO;
				ENABLE_STRICT_OBJC_MSGSEND = YES;
				GCC_C_LANGUAGE_STANDARD = gnu99;
				GCC_NO_COMMON_BLOCKS = YES;
				GCC_WARN_64_TO_32_BIT_CONVERSION = YES;
				GCC_WARN_ABOUT_RETURN_TYPE = YES_ERROR;
				GCC_WARN_UNDECLARED_SELECTOR = YES;
				GCC_WARN_UNINITIALIZED_AUTOS = YES_AGGRESSIVE;
				GCC_WARN_UNUSED_FUNCTION = YES;
				GCC_WARN_UNUSED_VARIABLE = YES;
				IPHONEOS_DEPLOYMENT_TARGET = 10.3;
				MTL_ENABLE_DEBUG_INFO = NO;
				SDKROOT = iphoneos;
				VALIDATE_PRODUCT = YES;
			};
			name = Release;
		};
		3A2911B41F4C034C0092C693 /* Debug */ = {
			isa = XCBuildConfiguration;
			baseConfigurationReference = 8980EF3042AD75B28356970E /* Pods-ZBPlayer.debug.xcconfig */;
			buildSettings = {
				ASSETCATALOG_COMPILER_APPICON_NAME = AppIcon;
				DEVELOPMENT_TEAM = 8E534K4D8Z;
				INFOPLIST_FILE = ZBPlayer/Info.plist;
				LD_RUNPATH_SEARCH_PATHS = "$(inherited) @executable_path/Frameworks";
				LIBRARY_SEARCH_PATHS = (
					"$(inherited)",
					"$(PROJECT_DIR)/ZBPlayer/Vitamio",
				);
				PRODUCT_BUNDLE_IDENTIFIER = com.fix.ZBPlayer;
				PRODUCT_NAME = "$(TARGET_NAME)";
			};
			name = Debug;
		};
		3A2911B51F4C034C0092C693 /* Release */ = {
			isa = XCBuildConfiguration;
			baseConfigurationReference = 10A616E21C3D305A3C342298 /* Pods-ZBPlayer.release.xcconfig */;
			buildSettings = {
				ASSETCATALOG_COMPILER_APPICON_NAME = AppIcon;
				DEVELOPMENT_TEAM = 8E534K4D8Z;
				INFOPLIST_FILE = ZBPlayer/Info.plist;
				LD_RUNPATH_SEARCH_PATHS = "$(inherited) @executable_path/Frameworks";
				LIBRARY_SEARCH_PATHS = (
					"$(inherited)",
					"$(PROJECT_DIR)/ZBPlayer/Vitamio",
				);
				PRODUCT_BUNDLE_IDENTIFIER = com.fix.ZBPlayer;
				PRODUCT_NAME = "$(TARGET_NAME)";
			};
			name = Release;
		};
/* End XCBuildConfiguration section */

/* Begin XCConfigurationList section */
		3A2911971F4C034C0092C693 /* Build configuration list for PBXProject "ZBPlayer" */ = {
			isa = XCConfigurationList;
			buildConfigurations = (
				3A2911B11F4C034C0092C693 /* Debug */,
				3A2911B21F4C034C0092C693 /* Release */,
			);
			defaultConfigurationIsVisible = 0;
			defaultConfigurationName = Release;
		};
		3A2911B31F4C034C0092C693 /* Build configuration list for PBXNativeTarget "ZBPlayer" */ = {
			isa = XCConfigurationList;
			buildConfigurations = (
				3A2911B41F4C034C0092C693 /* Debug */,
				3A2911B51F4C034C0092C693 /* Release */,
			);
			defaultConfigurationIsVisible = 0;
			defaultConfigurationName = Release;
		};
/* End XCConfigurationList section */
	};
	rootObject = 3A2911941F4C034C0092C693 /* Project object */;
}
